PODS:
  - Alamofire (5.2.1)
  - AssistantKit (0.6.1)
  - FittedSheets (2.2.2)
  - GCCountryPicker (2.5.0)
  - IQKeyboardManagerSwift (6.5.5)
  - KRPullLoader (1.3.0)
  - Localize-Swift (3.1.0)
  - lottie-ios (3.1.9)
  - MonthYearPicker (4.0.2)
  - pop (1.0.12)
  - SDWebImage (4.4.8):
    - SDWebImage/Core (= 4.4.8)
  - SDWebImage/Core (4.4.8)
  - SVProgressHUD (2.2.5)
  - Toucan (1.1.0)
  - "UITextView+Placeholder (1.4.0)"

DEPENDENCIES:
  - Alamofire
  - AssistantKit (~> 0.6.1)
  - FittedSheets
  - GCCountryPicker
  - IQKeyboardManagerSwift (~> 6.5.1)
  - KRPullLoader
  - Localize-Swift (~> 3.1.0)
  - lottie-ios (~> 3.1.6)
  - MonthYearPicker (~> 4.0.2)
  - pop (~> 1.0.12)
  - SDWebImage (~> 4.4.5)
  - SVProgressHUD
  - Toucan
  - "UITextView+Placeholder (~> 1.4.0)"

SPEC REPOS:
  trunk:
    - Alamofire
    - AssistantKit
    - FittedSheets
    - GCCountryPicker
    - IQKeyboardManagerSwift
    - KRPullLoader
    - Localize-Swift
    - lottie-ios
    - MonthYearPicker
    - pop
    - SDWebImage
    - SVProgressHUD
    - Toucan
    - "UITextView+Placeholder"

SPEC CHECKSUMS:
  Alamofire: e911732990610fe89af59ac0077f923d72dc3dfd
  AssistantKit: 7dd40c019e9a06e93555ed58498a2d212fcb408d
  FittedSheets: e76647375838b856b7e7916021deb7e7e1527ecc
  GCCountryPicker: b39549253d2daa5dee3414265263d19f7ec39446
  IQKeyboardManagerSwift: 0fb93310284665245591f50f7a5e38de615960b7
  KRPullLoader: c81594d578c90f46c1fe539b8d9a6a581ce3bdb0
  Localize-Swift: 4bed4f0ccac8be2ec3517ee359da80ba2adb0fae
  lottie-ios: 3a3758ef5a008e762faec9c9d50a39842f26d124
  MonthYearPicker: 91f77106e6806d8c93c69e943ab0795fd420657f
  pop: d582054913807fd11fd50bfe6a539d91c7e1a55a
  SDWebImage: 783af2c3fa36291a250030c4752ee370a9a51d13
  SVProgressHUD: 1428aafac632c1f86f62aa4243ec12008d7a51d6
  Toucan: 8f228fabb21521b9658692df9325fe76e71d74b2
  "UITextView+Placeholder": d7b0c400921f66523f3a85d74f774512e14f6502

PODFILE CHECKSUM: ee165ad74ac52aaff8a4b3c18dbcb4df17345bde

COCOAPODS: 1.10.1
