// !$*UTF8*$!
{
	archiveVersion = 1;
	classes = {
	};
	objectVersion = 51;
	objects = {

/* Begin PBXBuildFile section */
		187DCD55270DA5C800579F16 /* AppAlert.swift in Sources */ = {isa = PBXBuildFile; fileRef = 187DCD54270DA5C800579F16 /* AppAlert.swift */; };
		187DCD57270DA6FC00579F16 /* Validation Managers.swift in Sources */ = {isa = PBXBuildFile; fileRef = 187DCD56270DA6FC00579F16 /* Validation Managers.swift */; };
		187DCD59270DA73F00579F16 /* LoadingIndicatorVC.swift in Sources */ = {isa = PBXBuildFile; fileRef = 187DCD58270DA73F00579F16 /* LoadingIndicatorVC.swift */; };
		187DCD5B270DA91700579F16 /* LoginSignUpEntity.swift in Sources */ = {isa = PBXBuildFile; fileRef = 187DCD5A270DA91600579F16 /* LoginSignUpEntity.swift */; };
		187DCD5D270DA91B00579F16 /* ForgotPasswordEntity.swift in Sources */ = {isa = PBXBuildFile; fileRef = 187DCD5C270DA91B00579F16 /* ForgotPasswordEntity.swift */; };
		187DCD71270DD71800579F16 /* AFWrapperClass.swift in Sources */ = {isa = PBXBuildFile; fileRef = 187DCD70270DD71800579F16 /* AFWrapperClass.swift */; };
		187DCD73270DD80F00579F16 /* HelperMethods.swift in Sources */ = {isa = PBXBuildFile; fileRef = 187DCD72270DD80F00579F16 /* HelperMethods.swift */; };
		35615BDD271410DF0055237D /* PrayerTVCell.swift in Sources */ = {isa = PBXBuildFile; fileRef = 35615BDB271410DF0055237D /* PrayerTVCell.swift */; };
		35615BDE271410DF0055237D /* PrayerTVCell.xib in Resources */ = {isa = PBXBuildFile; fileRef = 35615BDC271410DF0055237D /* PrayerTVCell.xib */; };
		35615BE027141B570055237D /* PrayerVC.swift in Sources */ = {isa = PBXBuildFile; fileRef = 35615BDF27141B570055237D /* PrayerVC.swift */; };
		356664C527156DA50073A2C4 /* NotificationsTVCell.swift in Sources */ = {isa = PBXBuildFile; fileRef = 356664C327156DA50073A2C4 /* NotificationsTVCell.swift */; };
		356664C627156DA50073A2C4 /* NotificationsTVCell.xib in Resources */ = {isa = PBXBuildFile; fileRef = 356664C427156DA50073A2C4 /* NotificationsTVCell.xib */; };
		356664C8271579830073A2C4 /* NotificationsVC.swift in Sources */ = {isa = PBXBuildFile; fileRef = 356664C7271579830073A2C4 /* NotificationsVC.swift */; };
		3571CDC8271595D000B48705 /* EditProfileVC.swift in Sources */ = {isa = PBXBuildFile; fileRef = 3571CDC7271595D000B48705 /* EditProfileVC.swift */; };
		3571CDCA2715A25700B48705 /* AudioVC.swift in Sources */ = {isa = PBXBuildFile; fileRef = 3571CDC92715A25700B48705 /* AudioVC.swift */; };
		358A640C2716A4E800F22310 /* SearchVC.swift in Sources */ = {isa = PBXBuildFile; fileRef = 358A640B2716A4E800F22310 /* SearchVC.swift */; };
		358A640E2716B7E600F22310 /* ContactVC.swift in Sources */ = {isa = PBXBuildFile; fileRef = 358A640D2716B7E600F22310 /* ContactVC.swift */; };
		358A64102716EA4800F22310 /* ProfileVC.swift in Sources */ = {isa = PBXBuildFile; fileRef = 358A640F2716EA4800F22310 /* ProfileVC.swift */; };
		358A64132716EACD00F22310 /* ProfileTVCell.swift in Sources */ = {isa = PBXBuildFile; fileRef = 358A64112716EACD00F22310 /* ProfileTVCell.swift */; };
		358A64142716EACD00F22310 /* ProfileTVCell.xib in Resources */ = {isa = PBXBuildFile; fileRef = 358A64122716EACD00F22310 /* ProfileTVCell.xib */; };
		35BA587727144C4E00511D29 /* PrayVC.swift in Sources */ = {isa = PBXBuildFile; fileRef = 35BA587627144C4E00511D29 /* PrayVC.swift */; };
		35C5992B271814D3007A363C /* SubscriptionTVCell.swift in Sources */ = {isa = PBXBuildFile; fileRef = 35C59929271814D3007A363C /* SubscriptionTVCell.swift */; };
		35C5992C271814D3007A363C /* SubscriptionTVCell.xib in Resources */ = {isa = PBXBuildFile; fileRef = 35C5992A271814D3007A363C /* SubscriptionTVCell.xib */; };
		35C5992E27181BEA007A363C /* SubscriptionVC.swift in Sources */ = {isa = PBXBuildFile; fileRef = 35C5992D27181BEA007A363C /* SubscriptionVC.swift */; };
		57A5B19B6565045C2C97DFBF /* Pods_ICMA.framework in Frameworks */ = {isa = PBXBuildFile; fileRef = 50101E0E7FAE4E9A48CBC5C5 /* Pods_ICMA.framework */; };
		7C236953270DD39A001F4F13 /* BreathingTVCell.swift in Sources */ = {isa = PBXBuildFile; fileRef = 7C236951270DD39A001F4F13 /* BreathingTVCell.swift */; };
		7C236954270DD39A001F4F13 /* BreathingTVCell.xib in Resources */ = {isa = PBXBuildFile; fileRef = 7C236952270DD39A001F4F13 /* BreathingTVCell.xib */; };
		7C236975270EB527001F4F13 /* ProfileViewForTitle.xib in Resources */ = {isa = PBXBuildFile; fileRef = 7C236974270EB527001F4F13 /* ProfileViewForTitle.xib */; };
		7C327D06270EC3D000614F50 /* BreathingExerciseVC.swift in Sources */ = {isa = PBXBuildFile; fileRef = 7C327D05270EC3D000614F50 /* BreathingExerciseVC.swift */; };
		7C327D0A270EFB2000614F50 /* NeedSleepVC.swift in Sources */ = {isa = PBXBuildFile; fileRef = 7C327D09270EFB2000614F50 /* NeedSleepVC.swift */; };
		7C327D0D270F0C7E00614F50 /* ClassicsHymnsVC.swift in Sources */ = {isa = PBXBuildFile; fileRef = 7C327D0C270F0C7E00614F50 /* ClassicsHymnsVC.swift */; };
		7C507DC02726B41F00B0C8EA /* Storyboard Class.swift in Sources */ = {isa = PBXBuildFile; fileRef = 7C507DBF2726B41E00B0C8EA /* Storyboard Class.swift */; };
		7C507DE92729574A00B0C8EA /* Model.swift in Sources */ = {isa = PBXBuildFile; fileRef = 7C507DE82729574900B0C8EA /* Model.swift */; };
		7C76D859271ED7FF00C574AF /* ReferFriendVC.swift in Sources */ = {isa = PBXBuildFile; fileRef = 7C76D858271ED7FF00C574AF /* ReferFriendVC.swift */; };
		7C76D8FB271EEA2700C574AF /* Demoable.swift in Sources */ = {isa = PBXBuildFile; fileRef = 7C76D8FA271EEA2700C574AF /* Demoable.swift */; };
		7C7ED8B0270C3593000FDC18 /* AppDelegate.swift in Sources */ = {isa = PBXBuildFile; fileRef = 7C7ED8AF270C3593000FDC18 /* AppDelegate.swift */; };
		7C7ED8B7270C3593000FDC18 /* Main.storyboard in Resources */ = {isa = PBXBuildFile; fileRef = 7C7ED8B5270C3593000FDC18 /* Main.storyboard */; };
		7C7ED8B9270C3596000FDC18 /* Assets.xcassets in Resources */ = {isa = PBXBuildFile; fileRef = 7C7ED8B8270C3596000FDC18 /* Assets.xcassets */; };
		7C7ED8BC270C3596000FDC18 /* LaunchScreen.storyboard in Resources */ = {isa = PBXBuildFile; fileRef = 7C7ED8BA270C3596000FDC18 /* LaunchScreen.storyboard */; };
		7C7ED8D7270C3A37000FDC18 /* AppConstants.swift in Sources */ = {isa = PBXBuildFile; fileRef = 7C7ED8D6270C3A37000FDC18 /* AppConstants.swift */; };
		7C7ED8DA270C3A3E000FDC18 /* AppDefaults.swift in Sources */ = {isa = PBXBuildFile; fileRef = 7C7ED8D9270C3A3E000FDC18 /* AppDefaults.swift */; };
		7C7ED8DD270C3A47000FDC18 /* AppExtensions.swift in Sources */ = {isa = PBXBuildFile; fileRef = 7C7ED8DC270C3A47000FDC18 /* AppExtensions.swift */; };
		7C7ED8E0270C3A4F000FDC18 /* AppFunctions.swift in Sources */ = {isa = PBXBuildFile; fileRef = 7C7ED8DF270C3A4F000FDC18 /* AppFunctions.swift */; };
		7C7ED8E3270C3A56000FDC18 /* AppNavigations.swift in Sources */ = {isa = PBXBuildFile; fileRef = 7C7ED8E2270C3A56000FDC18 /* AppNavigations.swift */; };
		7C7ED8E6270C3A5B000FDC18 /* BaseVC.swift in Sources */ = {isa = PBXBuildFile; fileRef = 7C7ED8E5270C3A5B000FDC18 /* BaseVC.swift */; };
		7C7ED8E9270C3A62000FDC18 /* LocalizableConstants.swift in Sources */ = {isa = PBXBuildFile; fileRef = 7C7ED8E8270C3A62000FDC18 /* LocalizableConstants.swift */; };
		7C7ED8EC270C3A7B000FDC18 /* AppConstant.swift in Sources */ = {isa = PBXBuildFile; fileRef = 7C7ED8EB270C3A7B000FDC18 /* AppConstant.swift */; };
		7C7ED8EF270C3A85000FDC18 /* RestManager.swift in Sources */ = {isa = PBXBuildFile; fileRef = 7C7ED8EE270C3A85000FDC18 /* RestManager.swift */; };
		7C7ED8F2270C3A9F000FDC18 /* DisplayAlertManager.swift in Sources */ = {isa = PBXBuildFile; fileRef = 7C7ED8F1270C3A9F000FDC18 /* DisplayAlertManager.swift */; };
		7C7ED8F5270C3ABE000FDC18 /* LoadingManager.swift in Sources */ = {isa = PBXBuildFile; fileRef = 7C7ED8F4270C3ABE000FDC18 /* LoadingManager.swift */; };
		7C7ED8FB270C3AC6000FDC18 /* DateTimeManager.swift in Sources */ = {isa = PBXBuildFile; fileRef = 7C7ED8FA270C3AC6000FDC18 /* DateTimeManager.swift */; };
		7C7ED8FE270C3ACA000FDC18 /* NavigationManager.swift in Sources */ = {isa = PBXBuildFile; fileRef = 7C7ED8FD270C3ACA000FDC18 /* NavigationManager.swift */; };
		7C7ED901270C3AD3000FDC18 /* PreferenceManager.swift in Sources */ = {isa = PBXBuildFile; fileRef = 7C7ED900270C3AD3000FDC18 /* PreferenceManager.swift */; };
		7C7ED904270C3AD9000FDC18 /* ValidationManager.swift in Sources */ = {isa = PBXBuildFile; fileRef = 7C7ED903270C3AD9000FDC18 /* ValidationManager.swift */; };
		7C7ED907270C3AFE000FDC18 /* ICAssistiveTouchView.swift in Sources */ = {isa = PBXBuildFile; fileRef = 7C7ED906270C3AFE000FDC18 /* ICAssistiveTouchView.swift */; };
		7C7ED90A270C3B03000FDC18 /* ICButton.swift in Sources */ = {isa = PBXBuildFile; fileRef = 7C7ED909270C3B03000FDC18 /* ICButton.swift */; };
		7C7ED90D270C3B06000FDC18 /* ICDebouncer.swift in Sources */ = {isa = PBXBuildFile; fileRef = 7C7ED90C270C3B06000FDC18 /* ICDebouncer.swift */; };
		7C7ED910270C3B0A000FDC18 /* ICImagePickerVC.swift in Sources */ = {isa = PBXBuildFile; fileRef = 7C7ED90F270C3B0A000FDC18 /* ICImagePickerVC.swift */; };
		7C7ED913270C3B0E000FDC18 /* ICImageView.swift in Sources */ = {isa = PBXBuildFile; fileRef = 7C7ED912270C3B0E000FDC18 /* ICImageView.swift */; };
		7C7ED916270C3B14000FDC18 /* ICLabel.swift in Sources */ = {isa = PBXBuildFile; fileRef = 7C7ED915270C3B14000FDC18 /* ICLabel.swift */; };
		7C7ED919270C3B19000FDC18 /* ICTextField.swift in Sources */ = {isa = PBXBuildFile; fileRef = 7C7ED918270C3B19000FDC18 /* ICTextField.swift */; };
		7C7ED91C270C3B1D000FDC18 /* ICTextView.swift in Sources */ = {isa = PBXBuildFile; fileRef = 7C7ED91B270C3B1D000FDC18 /* ICTextView.swift */; };
		7C7ED91F270C3B75000FDC18 /* ProfileViewForTitle.swift in Sources */ = {isa = PBXBuildFile; fileRef = 7C7ED91E270C3B75000FDC18 /* ProfileViewForTitle.swift */; };
		7C7ED922270C3BA8000FDC18 /* Localizable.strings in Resources */ = {isa = PBXBuildFile; fileRef = 7C7ED921270C3BA8000FDC18 /* Localizable.strings */; };
		7C7ED93A270C5B88000FDC18 /* Poppins-SemiBold.ttf in Resources */ = {isa = PBXBuildFile; fileRef = 7C7ED936270C5B87000FDC18 /* Poppins-SemiBold.ttf */; };
		7C7ED93B270C5B88000FDC18 /* Poppins-Medium.ttf in Resources */ = {isa = PBXBuildFile; fileRef = 7C7ED937270C5B87000FDC18 /* Poppins-Medium.ttf */; };
		7C7ED93C270C5B88000FDC18 /* Poppins-Regular.ttf in Resources */ = {isa = PBXBuildFile; fileRef = 7C7ED938270C5B88000FDC18 /* Poppins-Regular.ttf */; };
		7C7ED93D270C5B88000FDC18 /* Poppins-Light.ttf in Resources */ = {isa = PBXBuildFile; fileRef = 7C7ED939270C5B88000FDC18 /* Poppins-Light.ttf */; };
		7C7ED955270C80A2000FDC18 /* LogInVC.swift in Sources */ = {isa = PBXBuildFile; fileRef = 7C7ED954270C80A2000FDC18 /* LogInVC.swift */; };
		7C7ED958270C80E2000FDC18 /* SignUpVC.swift in Sources */ = {isa = PBXBuildFile; fileRef = 7C7ED957270C80E2000FDC18 /* SignUpVC.swift */; };
		7C7ED95B270C814A000FDC18 /* ForgotPasswordVC.swift in Sources */ = {isa = PBXBuildFile; fileRef = 7C7ED95A270C814A000FDC18 /* ForgotPasswordVC.swift */; };
		7C7ED9AD270D90DC000FDC18 /* DFTherapyTVCell.swift in Sources */ = {isa = PBXBuildFile; fileRef = 7C7ED9AB270D90DB000FDC18 /* DFTherapyTVCell.swift */; };
		7C7ED9AE270D90DC000FDC18 /* DFTherapyTVCell.xib in Resources */ = {isa = PBXBuildFile; fileRef = 7C7ED9AC270D90DB000FDC18 /* DFTherapyTVCell.xib */; };
		7C7ED9D1270DBD92000FDC18 /* DFHSTherapyVC.swift in Sources */ = {isa = PBXBuildFile; fileRef = 7C7ED9D0270DBD91000FDC18 /* DFHSTherapyVC.swift */; };
		7C7ED9D4270DC4FE000FDC18 /* TabBarVC.swift in Sources */ = {isa = PBXBuildFile; fileRef = 7C7ED9D3270DC4FE000FDC18 /* TabBarVC.swift */; };
		7C8A87D9273BD7F300A4F610 /* SCDebouncer.swift in Sources */ = {isa = PBXBuildFile; fileRef = 7C8A87D8273BD7F300A4F610 /* SCDebouncer.swift */; };
		7CB3D962271D64F0000A4329 /* MembershipVC.swift in Sources */ = {isa = PBXBuildFile; fileRef = 7CB3D961271D64F0000A4329 /* MembershipVC.swift */; };
		7CB3D965271D6748000A4329 /* DevotionalVC.swift in Sources */ = {isa = PBXBuildFile; fileRef = 7CB3D964271D6748000A4329 /* DevotionalVC.swift */; };
		7CB3D968271D69D4000A4329 /* ProfileSubscriptionVC.swift in Sources */ = {isa = PBXBuildFile; fileRef = 7CB3D967271D69D4000A4329 /* ProfileSubscriptionVC.swift */; };
		7CB3D96B271EA7C8000A4329 /* bell-mt-grassetto.ttf in Resources */ = {isa = PBXBuildFile; fileRef = 7CB3D96A271EA7C7000A4329 /* bell-mt-grassetto.ttf */; };
		7CB8FD8227311597000AB379 /* ChangePasswordVC.swift in Sources */ = {isa = PBXBuildFile; fileRef = 7CB8FD8127311597000AB379 /* ChangePasswordVC.swift */; };
		7CB8FD8527312335000AB379 /* ImagePickFromGallery.swift in Sources */ = {isa = PBXBuildFile; fileRef = 7CB8FD8427312335000AB379 /* ImagePickFromGallery.swift */; };
		7CC101952739321500B667E7 /* ICMAAudioPlayer.swift in Sources */ = {isa = PBXBuildFile; fileRef = 7CC101942739321500B667E7 /* ICMAAudioPlayer.swift */; };
		7CC10199273932A100B667E7 /* Mains.swift in Sources */ = {isa = PBXBuildFile; fileRef = 7CC10198273932A100B667E7 /* Mains.swift */; };
/* End PBXBuildFile section */

/* Begin PBXFileReference section */
		187DCD54270DA5C800579F16 /* AppAlert.swift */ = {isa = PBXFileReference; fileEncoding = 4; lastKnownFileType = sourcecode.swift; path = AppAlert.swift; sourceTree = "<group>"; };
		187DCD56270DA6FC00579F16 /* Validation Managers.swift */ = {isa = PBXFileReference; fileEncoding = 4; lastKnownFileType = sourcecode.swift; path = "Validation Managers.swift"; sourceTree = "<group>"; };
		187DCD58270DA73F00579F16 /* LoadingIndicatorVC.swift */ = {isa = PBXFileReference; fileEncoding = 4; lastKnownFileType = sourcecode.swift; path = LoadingIndicatorVC.swift; sourceTree = "<group>"; };
		187DCD5A270DA91600579F16 /* LoginSignUpEntity.swift */ = {isa = PBXFileReference; fileEncoding = 4; lastKnownFileType = sourcecode.swift; path = LoginSignUpEntity.swift; sourceTree = "<group>"; };
		187DCD5C270DA91B00579F16 /* ForgotPasswordEntity.swift */ = {isa = PBXFileReference; fileEncoding = 4; lastKnownFileType = sourcecode.swift; path = ForgotPasswordEntity.swift; sourceTree = "<group>"; };
		187DCD70270DD71800579F16 /* AFWrapperClass.swift */ = {isa = PBXFileReference; fileEncoding = 4; lastKnownFileType = sourcecode.swift; path = AFWrapperClass.swift; sourceTree = "<group>"; };
		187DCD72270DD80F00579F16 /* HelperMethods.swift */ = {isa = PBXFileReference; fileEncoding = 4; lastKnownFileType = sourcecode.swift; path = HelperMethods.swift; sourceTree = "<group>"; };
		3211F143FD8C64391037C19B /* Pods-ICMA.release.xcconfig */ = {isa = PBXFileReference; includeInIndex = 1; lastKnownFileType = text.xcconfig; name = "Pods-ICMA.release.xcconfig"; path = "Target Support Files/Pods-ICMA/Pods-ICMA.release.xcconfig"; sourceTree = "<group>"; };
		35615BDB271410DF0055237D /* PrayerTVCell.swift */ = {isa = PBXFileReference; lastKnownFileType = sourcecode.swift; path = PrayerTVCell.swift; sourceTree = "<group>"; };
		35615BDC271410DF0055237D /* PrayerTVCell.xib */ = {isa = PBXFileReference; lastKnownFileType = file.xib; path = PrayerTVCell.xib; sourceTree = "<group>"; };
		35615BDF27141B570055237D /* PrayerVC.swift */ = {isa = PBXFileReference; lastKnownFileType = sourcecode.swift; path = PrayerVC.swift; sourceTree = "<group>"; };
		356664C327156DA50073A2C4 /* NotificationsTVCell.swift */ = {isa = PBXFileReference; lastKnownFileType = sourcecode.swift; path = NotificationsTVCell.swift; sourceTree = "<group>"; };
		356664C427156DA50073A2C4 /* NotificationsTVCell.xib */ = {isa = PBXFileReference; lastKnownFileType = file.xib; path = NotificationsTVCell.xib; sourceTree = "<group>"; };
		356664C7271579830073A2C4 /* NotificationsVC.swift */ = {isa = PBXFileReference; lastKnownFileType = sourcecode.swift; path = NotificationsVC.swift; sourceTree = "<group>"; };
		3571CDC7271595D000B48705 /* EditProfileVC.swift */ = {isa = PBXFileReference; lastKnownFileType = sourcecode.swift; path = EditProfileVC.swift; sourceTree = "<group>"; };
		3571CDC92715A25700B48705 /* AudioVC.swift */ = {isa = PBXFileReference; lastKnownFileType = sourcecode.swift; path = AudioVC.swift; sourceTree = "<group>"; };
		358A640B2716A4E800F22310 /* SearchVC.swift */ = {isa = PBXFileReference; lastKnownFileType = sourcecode.swift; path = SearchVC.swift; sourceTree = "<group>"; };
		358A640D2716B7E600F22310 /* ContactVC.swift */ = {isa = PBXFileReference; lastKnownFileType = sourcecode.swift; path = ContactVC.swift; sourceTree = "<group>"; };
		358A640F2716EA4800F22310 /* ProfileVC.swift */ = {isa = PBXFileReference; lastKnownFileType = sourcecode.swift; path = ProfileVC.swift; sourceTree = "<group>"; };
		358A64112716EACD00F22310 /* ProfileTVCell.swift */ = {isa = PBXFileReference; lastKnownFileType = sourcecode.swift; path = ProfileTVCell.swift; sourceTree = "<group>"; };
		358A64122716EACD00F22310 /* ProfileTVCell.xib */ = {isa = PBXFileReference; lastKnownFileType = file.xib; path = ProfileTVCell.xib; sourceTree = "<group>"; };
		35BA587627144C4E00511D29 /* PrayVC.swift */ = {isa = PBXFileReference; lastKnownFileType = sourcecode.swift; path = PrayVC.swift; sourceTree = "<group>"; };
		35C59929271814D3007A363C /* SubscriptionTVCell.swift */ = {isa = PBXFileReference; lastKnownFileType = sourcecode.swift; path = SubscriptionTVCell.swift; sourceTree = "<group>"; };
		35C5992A271814D3007A363C /* SubscriptionTVCell.xib */ = {isa = PBXFileReference; lastKnownFileType = file.xib; path = SubscriptionTVCell.xib; sourceTree = "<group>"; };
		35C5992D27181BEA007A363C /* SubscriptionVC.swift */ = {isa = PBXFileReference; lastKnownFileType = sourcecode.swift; path = SubscriptionVC.swift; sourceTree = "<group>"; };
		50101E0E7FAE4E9A48CBC5C5 /* Pods_ICMA.framework */ = {isa = PBXFileReference; explicitFileType = wrapper.framework; includeInIndex = 0; path = Pods_ICMA.framework; sourceTree = BUILT_PRODUCTS_DIR; };
		688DD54748BBE4614C7A0DFD /* Pods-ICMA.debug.xcconfig */ = {isa = PBXFileReference; includeInIndex = 1; lastKnownFileType = text.xcconfig; name = "Pods-ICMA.debug.xcconfig"; path = "Target Support Files/Pods-ICMA/Pods-ICMA.debug.xcconfig"; sourceTree = "<group>"; };
		7C236951270DD39A001F4F13 /* BreathingTVCell.swift */ = {isa = PBXFileReference; lastKnownFileType = sourcecode.swift; path = BreathingTVCell.swift; sourceTree = "<group>"; };
		7C236952270DD39A001F4F13 /* BreathingTVCell.xib */ = {isa = PBXFileReference; lastKnownFileType = file.xib; path = BreathingTVCell.xib; sourceTree = "<group>"; };
		7C236974270EB527001F4F13 /* ProfileViewForTitle.xib */ = {isa = PBXFileReference; fileEncoding = 4; lastKnownFileType = file.xib; path = ProfileViewForTitle.xib; sourceTree = "<group>"; };
		7C327D05270EC3D000614F50 /* BreathingExerciseVC.swift */ = {isa = PBXFileReference; lastKnownFileType = sourcecode.swift; path = BreathingExerciseVC.swift; sourceTree = "<group>"; };
		7C327D09270EFB2000614F50 /* NeedSleepVC.swift */ = {isa = PBXFileReference; lastKnownFileType = sourcecode.swift; path = NeedSleepVC.swift; sourceTree = "<group>"; };
		7C327D0C270F0C7E00614F50 /* ClassicsHymnsVC.swift */ = {isa = PBXFileReference; lastKnownFileType = sourcecode.swift; path = ClassicsHymnsVC.swift; sourceTree = "<group>"; };
		7C507DBF2726B41E00B0C8EA /* Storyboard Class.swift */ = {isa = PBXFileReference; fileEncoding = 4; lastKnownFileType = sourcecode.swift; path = "Storyboard Class.swift"; sourceTree = "<group>"; };
		7C507DE82729574900B0C8EA /* Model.swift */ = {isa = PBXFileReference; lastKnownFileType = sourcecode.swift; path = Model.swift; sourceTree = "<group>"; };
		7C76D858271ED7FF00C574AF /* ReferFriendVC.swift */ = {isa = PBXFileReference; lastKnownFileType = sourcecode.swift; path = ReferFriendVC.swift; sourceTree = "<group>"; };
		7C76D8FA271EEA2700C574AF /* Demoable.swift */ = {isa = PBXFileReference; fileEncoding = 4; lastKnownFileType = sourcecode.swift; path = Demoable.swift; sourceTree = "<group>"; };
		7C7ED8AC270C3593000FDC18 /* ICMA.app */ = {isa = PBXFileReference; explicitFileType = wrapper.application; includeInIndex = 0; path = ICMA.app; sourceTree = BUILT_PRODUCTS_DIR; };
		7C7ED8AF270C3593000FDC18 /* AppDelegate.swift */ = {isa = PBXFileReference; lastKnownFileType = sourcecode.swift; path = AppDelegate.swift; sourceTree = "<group>"; };
		7C7ED8B6270C3593000FDC18 /* Base */ = {isa = PBXFileReference; lastKnownFileType = file.storyboard; name = Base; path = Base.lproj/Main.storyboard; sourceTree = "<group>"; };
		7C7ED8B8270C3596000FDC18 /* Assets.xcassets */ = {isa = PBXFileReference; lastKnownFileType = folder.assetcatalog; path = Assets.xcassets; sourceTree = "<group>"; };
		7C7ED8BB270C3596000FDC18 /* Base */ = {isa = PBXFileReference; lastKnownFileType = file.storyboard; name = Base; path = Base.lproj/LaunchScreen.storyboard; sourceTree = "<group>"; };
		7C7ED8BD270C3596000FDC18 /* Info.plist */ = {isa = PBXFileReference; lastKnownFileType = text.plist.xml; path = Info.plist; sourceTree = "<group>"; };
		7C7ED8D6270C3A37000FDC18 /* AppConstants.swift */ = {isa = PBXFileReference; fileEncoding = 4; lastKnownFileType = sourcecode.swift; path = AppConstants.swift; sourceTree = "<group>"; };
		7C7ED8D9270C3A3E000FDC18 /* AppDefaults.swift */ = {isa = PBXFileReference; fileEncoding = 4; lastKnownFileType = sourcecode.swift; path = AppDefaults.swift; sourceTree = "<group>"; };
		7C7ED8DC270C3A47000FDC18 /* AppExtensions.swift */ = {isa = PBXFileReference; fileEncoding = 4; lastKnownFileType = sourcecode.swift; path = AppExtensions.swift; sourceTree = "<group>"; };
		7C7ED8DF270C3A4F000FDC18 /* AppFunctions.swift */ = {isa = PBXFileReference; fileEncoding = 4; lastKnownFileType = sourcecode.swift; path = AppFunctions.swift; sourceTree = "<group>"; };
		7C7ED8E2270C3A56000FDC18 /* AppNavigations.swift */ = {isa = PBXFileReference; fileEncoding = 4; lastKnownFileType = sourcecode.swift; path = AppNavigations.swift; sourceTree = "<group>"; };
		7C7ED8E5270C3A5B000FDC18 /* BaseVC.swift */ = {isa = PBXFileReference; fileEncoding = 4; lastKnownFileType = sourcecode.swift; path = BaseVC.swift; sourceTree = "<group>"; };
		7C7ED8E8270C3A62000FDC18 /* LocalizableConstants.swift */ = {isa = PBXFileReference; fileEncoding = 4; lastKnownFileType = sourcecode.swift; path = LocalizableConstants.swift; sourceTree = "<group>"; };
		7C7ED8EB270C3A7B000FDC18 /* AppConstant.swift */ = {isa = PBXFileReference; fileEncoding = 4; lastKnownFileType = sourcecode.swift; path = AppConstant.swift; sourceTree = "<group>"; };
		7C7ED8EE270C3A85000FDC18 /* RestManager.swift */ = {isa = PBXFileReference; fileEncoding = 4; lastKnownFileType = sourcecode.swift; path = RestManager.swift; sourceTree = "<group>"; };
		7C7ED8F1270C3A9F000FDC18 /* DisplayAlertManager.swift */ = {isa = PBXFileReference; fileEncoding = 4; lastKnownFileType = sourcecode.swift; path = DisplayAlertManager.swift; sourceTree = "<group>"; };
		7C7ED8F4270C3ABE000FDC18 /* LoadingManager.swift */ = {isa = PBXFileReference; fileEncoding = 4; lastKnownFileType = sourcecode.swift; path = LoadingManager.swift; sourceTree = "<group>"; };
		7C7ED8FA270C3AC6000FDC18 /* DateTimeManager.swift */ = {isa = PBXFileReference; fileEncoding = 4; lastKnownFileType = sourcecode.swift; path = DateTimeManager.swift; sourceTree = "<group>"; };
		7C7ED8FD270C3ACA000FDC18 /* NavigationManager.swift */ = {isa = PBXFileReference; fileEncoding = 4; lastKnownFileType = sourcecode.swift; path = NavigationManager.swift; sourceTree = "<group>"; };
		7C7ED900270C3AD3000FDC18 /* PreferenceManager.swift */ = {isa = PBXFileReference; fileEncoding = 4; lastKnownFileType = sourcecode.swift; path = PreferenceManager.swift; sourceTree = "<group>"; };
		7C7ED903270C3AD9000FDC18 /* ValidationManager.swift */ = {isa = PBXFileReference; fileEncoding = 4; lastKnownFileType = sourcecode.swift; path = ValidationManager.swift; sourceTree = "<group>"; };
		7C7ED906270C3AFE000FDC18 /* ICAssistiveTouchView.swift */ = {isa = PBXFileReference; fileEncoding = 4; lastKnownFileType = sourcecode.swift; path = ICAssistiveTouchView.swift; sourceTree = "<group>"; };
		7C7ED909270C3B03000FDC18 /* ICButton.swift */ = {isa = PBXFileReference; fileEncoding = 4; lastKnownFileType = sourcecode.swift; path = ICButton.swift; sourceTree = "<group>"; };
		7C7ED90C270C3B06000FDC18 /* ICDebouncer.swift */ = {isa = PBXFileReference; fileEncoding = 4; lastKnownFileType = sourcecode.swift; path = ICDebouncer.swift; sourceTree = "<group>"; };
		7C7ED90F270C3B0A000FDC18 /* ICImagePickerVC.swift */ = {isa = PBXFileReference; fileEncoding = 4; lastKnownFileType = sourcecode.swift; path = ICImagePickerVC.swift; sourceTree = "<group>"; };
		7C7ED912270C3B0E000FDC18 /* ICImageView.swift */ = {isa = PBXFileReference; fileEncoding = 4; lastKnownFileType = sourcecode.swift; path = ICImageView.swift; sourceTree = "<group>"; };
		7C7ED915270C3B14000FDC18 /* ICLabel.swift */ = {isa = PBXFileReference; fileEncoding = 4; lastKnownFileType = sourcecode.swift; path = ICLabel.swift; sourceTree = "<group>"; };
		7C7ED918270C3B19000FDC18 /* ICTextField.swift */ = {isa = PBXFileReference; fileEncoding = 4; lastKnownFileType = sourcecode.swift; path = ICTextField.swift; sourceTree = "<group>"; };
		7C7ED91B270C3B1D000FDC18 /* ICTextView.swift */ = {isa = PBXFileReference; fileEncoding = 4; lastKnownFileType = sourcecode.swift; path = ICTextView.swift; sourceTree = "<group>"; };
		7C7ED91E270C3B75000FDC18 /* ProfileViewForTitle.swift */ = {isa = PBXFileReference; fileEncoding = 4; lastKnownFileType = sourcecode.swift; path = ProfileViewForTitle.swift; sourceTree = "<group>"; };
		7C7ED921270C3BA8000FDC18 /* Localizable.strings */ = {isa = PBXFileReference; fileEncoding = 4; lastKnownFileType = text.plist.strings; path = Localizable.strings; sourceTree = "<group>"; };
		7C7ED936270C5B87000FDC18 /* Poppins-SemiBold.ttf */ = {isa = PBXFileReference; lastKnownFileType = file; path = "Poppins-SemiBold.ttf"; sourceTree = "<group>"; };
		7C7ED937270C5B87000FDC18 /* Poppins-Medium.ttf */ = {isa = PBXFileReference; lastKnownFileType = file; path = "Poppins-Medium.ttf"; sourceTree = "<group>"; };
		7C7ED938270C5B88000FDC18 /* Poppins-Regular.ttf */ = {isa = PBXFileReference; lastKnownFileType = file; path = "Poppins-Regular.ttf"; sourceTree = "<group>"; };
		7C7ED939270C5B88000FDC18 /* Poppins-Light.ttf */ = {isa = PBXFileReference; lastKnownFileType = file; path = "Poppins-Light.ttf"; sourceTree = "<group>"; };
		7C7ED954270C80A2000FDC18 /* LogInVC.swift */ = {isa = PBXFileReference; lastKnownFileType = sourcecode.swift; path = LogInVC.swift; sourceTree = "<group>"; };
		7C7ED957270C80E2000FDC18 /* SignUpVC.swift */ = {isa = PBXFileReference; lastKnownFileType = sourcecode.swift; path = SignUpVC.swift; sourceTree = "<group>"; };
		7C7ED95A270C814A000FDC18 /* ForgotPasswordVC.swift */ = {isa = PBXFileReference; lastKnownFileType = sourcecode.swift; path = ForgotPasswordVC.swift; sourceTree = "<group>"; };
		7C7ED9AB270D90DB000FDC18 /* DFTherapyTVCell.swift */ = {isa = PBXFileReference; lastKnownFileType = sourcecode.swift; path = DFTherapyTVCell.swift; sourceTree = "<group>"; };
		7C7ED9AC270D90DB000FDC18 /* DFTherapyTVCell.xib */ = {isa = PBXFileReference; lastKnownFileType = file.xib; path = DFTherapyTVCell.xib; sourceTree = "<group>"; };
		7C7ED9D0270DBD91000FDC18 /* DFHSTherapyVC.swift */ = {isa = PBXFileReference; lastKnownFileType = sourcecode.swift; path = DFHSTherapyVC.swift; sourceTree = "<group>"; };
		7C7ED9D3270DC4FE000FDC18 /* TabBarVC.swift */ = {isa = PBXFileReference; lastKnownFileType = sourcecode.swift; path = TabBarVC.swift; sourceTree = "<group>"; };
		7C8A87D8273BD7F300A4F610 /* SCDebouncer.swift */ = {isa = PBXFileReference; fileEncoding = 4; lastKnownFileType = sourcecode.swift; path = SCDebouncer.swift; sourceTree = "<group>"; };
		7C9A5989272293BC00985C20 /* ICMA.entitlements */ = {isa = PBXFileReference; lastKnownFileType = text.plist.entitlements; path = ICMA.entitlements; sourceTree = "<group>"; };
		7CB3D961271D64F0000A4329 /* MembershipVC.swift */ = {isa = PBXFileReference; lastKnownFileType = sourcecode.swift; path = MembershipVC.swift; sourceTree = "<group>"; };
		7CB3D964271D6748000A4329 /* DevotionalVC.swift */ = {isa = PBXFileReference; lastKnownFileType = sourcecode.swift; path = DevotionalVC.swift; sourceTree = "<group>"; };
		7CB3D967271D69D4000A4329 /* ProfileSubscriptionVC.swift */ = {isa = PBXFileReference; lastKnownFileType = sourcecode.swift; path = ProfileSubscriptionVC.swift; sourceTree = "<group>"; };
		7CB3D96A271EA7C7000A4329 /* bell-mt-grassetto.ttf */ = {isa = PBXFileReference; lastKnownFileType = file; path = "bell-mt-grassetto.ttf"; sourceTree = "<group>"; };
		7CB8FD8127311597000AB379 /* ChangePasswordVC.swift */ = {isa = PBXFileReference; lastKnownFileType = sourcecode.swift; path = ChangePasswordVC.swift; sourceTree = "<group>"; };
		7CB8FD8427312335000AB379 /* ImagePickFromGallery.swift */ = {isa = PBXFileReference; fileEncoding = 4; lastKnownFileType = sourcecode.swift; path = ImagePickFromGallery.swift; sourceTree = "<group>"; };
		7CC101942739321500B667E7 /* ICMAAudioPlayer.swift */ = {isa = PBXFileReference; lastKnownFileType = sourcecode.swift; path = ICMAAudioPlayer.swift; sourceTree = "<group>"; };
		7CC10198273932A100B667E7 /* Mains.swift */ = {isa = PBXFileReference; lastKnownFileType = sourcecode.swift; path = Mains.swift; sourceTree = "<group>"; };
/* End PBXFileReference section */

/* Begin PBXFrameworksBuildPhase section */
		7C7ED8A9270C3593000FDC18 /* Frameworks */ = {
			isa = PBXFrameworksBuildPhase;
			buildActionMask = 2147483647;
			files = (
				57A5B19B6565045C2C97DFBF /* Pods_ICMA.framework in Frameworks */,
			);
			runOnlyForDeploymentPostprocessing = 0;
		};
/* End PBXFrameworksBuildPhase section */

/* Begin PBXGroup section */
		28DCB6B95D6C6A3698B00A7C /* Frameworks */ = {
			isa = PBXGroup;
			children = (
				50101E0E7FAE4E9A48CBC5C5 /* Pods_ICMA.framework */,
			);
			name = Frameworks;
			sourceTree = "<group>";
		};
		2CB7928D9AF139C4B643B84E /* Pods */ = {
			isa = PBXGroup;
			children = (
				688DD54748BBE4614C7A0DFD /* Pods-ICMA.debug.xcconfig */,
				3211F143FD8C64391037C19B /* Pods-ICMA.release.xcconfig */,
			);
			path = Pods;
			sourceTree = "<group>";
		};
		7C7ED8A3270C3593000FDC18 = {
			isa = PBXGroup;
			children = (
				7C7ED8AE270C3593000FDC18 /* ICMA */,
				7C7ED8AD270C3593000FDC18 /* Products */,
				2CB7928D9AF139C4B643B84E /* Pods */,
				28DCB6B95D6C6A3698B00A7C /* Frameworks */,
			);
			sourceTree = "<group>";
		};
		7C7ED8AD270C3593000FDC18 /* Products */ = {
			isa = PBXGroup;
			children = (
				7C7ED8AC270C3593000FDC18 /* ICMA.app */,
			);
			name = Products;
			sourceTree = "<group>";
		};
		7C7ED8AE270C3593000FDC18 /* ICMA */ = {
			isa = PBXGroup;
			children = (
				7C9A5989272293BC00985C20 /* ICMA.entitlements */,
				7C7ED8C4270C3764000FDC18 /* App */,
				7C7ED8C5270C37A5000FDC18 /* Model */,
				7C7ED8C6270C37B0000FDC18 /* Views */,
				7C7ED8C7270C37B6000FDC18 /* Controllers */,
				7C7ED8C8270C37C0000FDC18 /* Resources */,
				7C7ED8BD270C3596000FDC18 /* Info.plist */,
			);
			path = ICMA;
			sourceTree = "<group>";
		};
		7C7ED8C4270C3764000FDC18 /* App */ = {
			isa = PBXGroup;
			children = (
				7C7ED8C9270C37D6000FDC18 /* Classes */,
				7C7ED8CA270C37E0000FDC18 /* Constant */,
				7C7ED8CC270C37F0000FDC18 /* Managers */,
				7C7ED8CD270C37F7000FDC18 /* Utilities */,
			);
			path = App;
			sourceTree = "<group>";
		};
		7C7ED8C5270C37A5000FDC18 /* Model */ = {
			isa = PBXGroup;
			children = (
				187DCD5A270DA91600579F16 /* LoginSignUpEntity.swift */,
				187DCD5C270DA91B00579F16 /* ForgotPasswordEntity.swift */,
				7C507DE82729574900B0C8EA /* Model.swift */,
			);
			path = Model;
			sourceTree = "<group>";
		};
		7C7ED8C6270C37B0000FDC18 /* Views */ = {
			isa = PBXGroup;
			children = (
				7C7ED8CE270C3821000FDC18 /* Storyboards */,
				7C7ED8CF270C382D000FDC18 /* Xibs */,
			);
			path = Views;
			sourceTree = "<group>";
		};
		7C7ED8C7270C37B6000FDC18 /* Controllers */ = {
			isa = PBXGroup;
			children = (
				7C7ED8D2270C3857000FDC18 /* Cell */,
				7C7ED8D1270C3848000FDC18 /* VC */,
				7C7ED8D0270C3842000FDC18 /* Views */,
			);
			path = Controllers;
			sourceTree = "<group>";
		};
		7C7ED8C8270C37C0000FDC18 /* Resources */ = {
			isa = PBXGroup;
			children = (
				7C7ED8D5270C3887000FDC18 /* Localiztions */,
				7C7ED8D4270C3870000FDC18 /* Images */,
				7C7ED8D3270C3869000FDC18 /* Fonts */,
			);
			path = Resources;
			sourceTree = "<group>";
		};
		7C7ED8C9270C37D6000FDC18 /* Classes */ = {
			isa = PBXGroup;
			children = (
				187DCD54270DA5C800579F16 /* AppAlert.swift */,
				7C7ED8D6270C3A37000FDC18 /* AppConstants.swift */,
				7C76D8FA271EEA2700C574AF /* Demoable.swift */,
				7C7ED8D9270C3A3E000FDC18 /* AppDefaults.swift */,
				7C7ED8AF270C3593000FDC18 /* AppDelegate.swift */,
				7C7ED8DC270C3A47000FDC18 /* AppExtensions.swift */,
				7C7ED8DF270C3A4F000FDC18 /* AppFunctions.swift */,
				7C507DBF2726B41E00B0C8EA /* Storyboard Class.swift */,
				7C7ED8E2270C3A56000FDC18 /* AppNavigations.swift */,
				7C7ED8E5270C3A5B000FDC18 /* BaseVC.swift */,
				7C7ED8E8270C3A62000FDC18 /* LocalizableConstants.swift */,
			);
			path = Classes;
			sourceTree = "<group>";
		};
		7C7ED8CA270C37E0000FDC18 /* Constant */ = {
			isa = PBXGroup;
			children = (
				7C7ED8EB270C3A7B000FDC18 /* AppConstant.swift */,
				187DCD70270DD71800579F16 /* AFWrapperClass.swift */,
				7C7ED8EE270C3A85000FDC18 /* RestManager.swift */,
			);
			path = Constant;
			sourceTree = "<group>";
		};
		7C7ED8CC270C37F0000FDC18 /* Managers */ = {
			isa = PBXGroup;
			children = (
				187DCD56270DA6FC00579F16 /* Validation Managers.swift */,
				7C7ED8F4270C3ABE000FDC18 /* LoadingManager.swift */,
				187DCD58270DA73F00579F16 /* LoadingIndicatorVC.swift */,
				7C7ED8FA270C3AC6000FDC18 /* DateTimeManager.swift */,
				7C7ED8FD270C3ACA000FDC18 /* NavigationManager.swift */,
				7C7ED900270C3AD3000FDC18 /* PreferenceManager.swift */,
				7C8A87D8273BD7F300A4F610 /* SCDebouncer.swift */,
				7C7ED903270C3AD9000FDC18 /* ValidationManager.swift */,
				7CB8FD8427312335000AB379 /* ImagePickFromGallery.swift */,
				187DCD72270DD80F00579F16 /* HelperMethods.swift */,
				7C7ED8F1270C3A9F000FDC18 /* DisplayAlertManager.swift */,
				7CC101942739321500B667E7 /* ICMAAudioPlayer.swift */,
				7CC10198273932A100B667E7 /* Mains.swift */,
			);
			path = Managers;
			sourceTree = "<group>";
		};
		7C7ED8CD270C37F7000FDC18 /* Utilities */ = {
			isa = PBXGroup;
			children = (
				7C7ED909270C3B03000FDC18 /* ICButton.swift */,
				7C7ED912270C3B0E000FDC18 /* ICImageView.swift */,
				7C7ED90C270C3B06000FDC18 /* ICDebouncer.swift */,
				7C7ED915270C3B14000FDC18 /* ICLabel.swift */,
				7C7ED91B270C3B1D000FDC18 /* ICTextView.swift */,
				7C7ED918270C3B19000FDC18 /* ICTextField.swift */,
				7C7ED90F270C3B0A000FDC18 /* ICImagePickerVC.swift */,
				7C7ED906270C3AFE000FDC18 /* ICAssistiveTouchView.swift */,
			);
			path = Utilities;
			sourceTree = "<group>";
		};
		7C7ED8CE270C3821000FDC18 /* Storyboards */ = {
			isa = PBXGroup;
			children = (
				7C7ED8BA270C3596000FDC18 /* LaunchScreen.storyboard */,
				7C7ED8B5270C3593000FDC18 /* Main.storyboard */,
			);
			path = Storyboards;
			sourceTree = "<group>";
		};
		7C7ED8CF270C382D000FDC18 /* Xibs */ = {
			isa = PBXGroup;
			children = (
				7C7ED9AC270D90DB000FDC18 /* DFTherapyTVCell.xib */,
				7C236974270EB527001F4F13 /* ProfileViewForTitle.xib */,
				7C236952270DD39A001F4F13 /* BreathingTVCell.xib */,
				35615BDC271410DF0055237D /* PrayerTVCell.xib */,
				356664C427156DA50073A2C4 /* NotificationsTVCell.xib */,
				358A64122716EACD00F22310 /* ProfileTVCell.xib */,
				35C5992A271814D3007A363C /* SubscriptionTVCell.xib */,
			);
			path = Xibs;
			sourceTree = "<group>";
		};
		7C7ED8D0270C3842000FDC18 /* Views */ = {
			isa = PBXGroup;
			children = (
				7C7ED91E270C3B75000FDC18 /* ProfileViewForTitle.swift */,
			);
			path = Views;
			sourceTree = "<group>";
		};
		7C7ED8D1270C3848000FDC18 /* VC */ = {
			isa = PBXGroup;
			children = (
				3571CDC92715A25700B48705 /* AudioVC.swift */,
				7C327D05270EC3D000614F50 /* BreathingExerciseVC.swift */,
				7CB8FD8127311597000AB379 /* ChangePasswordVC.swift */,
				7C327D0C270F0C7E00614F50 /* ClassicsHymnsVC.swift */,
				358A640D2716B7E600F22310 /* ContactVC.swift */,
				7CB3D964271D6748000A4329 /* DevotionalVC.swift */,
				7C7ED9D0270DBD91000FDC18 /* DFHSTherapyVC.swift */,
				3571CDC7271595D000B48705 /* EditProfileVC.swift */,
				7C7ED95A270C814A000FDC18 /* ForgotPasswordVC.swift */,
				7C7ED954270C80A2000FDC18 /* LogInVC.swift */,
				7CB3D961271D64F0000A4329 /* MembershipVC.swift */,
				7C327D09270EFB2000614F50 /* NeedSleepVC.swift */,
				356664C7271579830073A2C4 /* NotificationsVC.swift */,
				35615BDF27141B570055237D /* PrayerVC.swift */,
				35BA587627144C4E00511D29 /* PrayVC.swift */,
				7CB3D967271D69D4000A4329 /* ProfileSubscriptionVC.swift */,
				358A640F2716EA4800F22310 /* ProfileVC.swift */,
				7C76D858271ED7FF00C574AF /* ReferFriendVC.swift */,
				358A640B2716A4E800F22310 /* SearchVC.swift */,
				7C7ED957270C80E2000FDC18 /* SignUpVC.swift */,
				35C5992D27181BEA007A363C /* SubscriptionVC.swift */,
				7C7ED9D3270DC4FE000FDC18 /* TabBarVC.swift */,
			);
			path = VC;
			sourceTree = "<group>";
		};
		7C7ED8D2270C3857000FDC18 /* Cell */ = {
			isa = PBXGroup;
			children = (
				35C59929271814D3007A363C /* SubscriptionTVCell.swift */,
				7C236951270DD39A001F4F13 /* BreathingTVCell.swift */,
				356664C327156DA50073A2C4 /* NotificationsTVCell.swift */,
				358A64112716EACD00F22310 /* ProfileTVCell.swift */,
				35615BDB271410DF0055237D /* PrayerTVCell.swift */,
				7C7ED9AB270D90DB000FDC18 /* DFTherapyTVCell.swift */,
			);
			path = Cell;
			sourceTree = "<group>";
		};
		7C7ED8D3270C3869000FDC18 /* Fonts */ = {
			isa = PBXGroup;
			children = (
				7CB3D96A271EA7C7000A4329 /* bell-mt-grassetto.ttf */,
				7C7ED939270C5B88000FDC18 /* Poppins-Light.ttf */,
				7C7ED937270C5B87000FDC18 /* Poppins-Medium.ttf */,
				7C7ED938270C5B88000FDC18 /* Poppins-Regular.ttf */,
				7C7ED936270C5B87000FDC18 /* Poppins-SemiBold.ttf */,
			);
			path = Fonts;
			sourceTree = "<group>";
		};
		7C7ED8D4270C3870000FDC18 /* Images */ = {
			isa = PBXGroup;
			children = (
				7C7ED8B8270C3596000FDC18 /* Assets.xcassets */,
			);
			path = Images;
			sourceTree = "<group>";
		};
		7C7ED8D5270C3887000FDC18 /* Localiztions */ = {
			isa = PBXGroup;
			children = (
				7C7ED921270C3BA8000FDC18 /* Localizable.strings */,
			);
			path = Localiztions;
			sourceTree = "<group>";
		};
/* End PBXGroup section */

/* Begin PBXNativeTarget section */
		7C7ED8AB270C3593000FDC18 /* ICMA */ = {
			isa = PBXNativeTarget;
			buildConfigurationList = 7C7ED8C0270C3596000FDC18 /* Build configuration list for PBXNativeTarget "ICMA" */;
			buildPhases = (
				01CAEFF87928E4429B8F4F1F /* [CP] Check Pods Manifest.lock */,
				7C7ED8A8270C3593000FDC18 /* Sources */,
				7C7ED8A9270C3593000FDC18 /* Frameworks */,
				7C7ED8AA270C3593000FDC18 /* Resources */,
				68BD3F586CAC218048219098 /* [CP] Embed Pods Frameworks */,
			);
			buildRules = (
			);
			dependencies = (
			);
			name = ICMA;
			productName = ICMA;
			productReference = 7C7ED8AC270C3593000FDC18 /* ICMA.app */;
			productType = "com.apple.product-type.application";
		};
/* End PBXNativeTarget section */

/* Begin PBXProject section */
		7C7ED8A4270C3593000FDC18 /* Project object */ = {
			isa = PBXProject;
			attributes = {
				LastSwiftUpdateCheck = 1240;
				LastUpgradeCheck = 1240;
				TargetAttributes = {
					7C7ED8AB270C3593000FDC18 = {
						CreatedOnToolsVersion = 12.4;
					};
				};
			};
			buildConfigurationList = 7C7ED8A7270C3593000FDC18 /* Build configuration list for PBXProject "ICMA" */;
			compatibilityVersion = "Xcode 9.3";
			developmentRegion = en;
			hasScannedForEncodings = 0;
			knownRegions = (
				en,
				Base,
			);
			mainGroup = 7C7ED8A3270C3593000FDC18;
			productRefGroup = 7C7ED8AD270C3593000FDC18 /* Products */;
			projectDirPath = "";
			projectRoot = "";
			targets = (
				7C7ED8AB270C3593000FDC18 /* ICMA */,
			);
		};
/* End PBXProject section */

/* Begin PBXResourcesBuildPhase section */
		7C7ED8AA270C3593000FDC18 /* Resources */ = {
			isa = PBXResourcesBuildPhase;
			buildActionMask = 2147483647;
			files = (
				7C7ED93A270C5B88000FDC18 /* Poppins-SemiBold.ttf in Resources */,
				7C7ED9AE270D90DC000FDC18 /* DFTherapyTVCell.xib in Resources */,
				35615BDE271410DF0055237D /* PrayerTVCell.xib in Resources */,
				356664C627156DA50073A2C4 /* NotificationsTVCell.xib in Resources */,
				7C7ED8BC270C3596000FDC18 /* LaunchScreen.storyboard in Resources */,
				7C7ED93C270C5B88000FDC18 /* Poppins-Regular.ttf in Resources */,
				7C7ED93D270C5B88000FDC18 /* Poppins-Light.ttf in Resources */,
				7CB3D96B271EA7C8000A4329 /* bell-mt-grassetto.ttf in Resources */,
				7C7ED922270C3BA8000FDC18 /* Localizable.strings in Resources */,
				7C7ED93B270C5B88000FDC18 /* Poppins-Medium.ttf in Resources */,
				7C236975270EB527001F4F13 /* ProfileViewForTitle.xib in Resources */,
				7C7ED8B9270C3596000FDC18 /* Assets.xcassets in Resources */,
				7C236954270DD39A001F4F13 /* BreathingTVCell.xib in Resources */,
				7C7ED8B7270C3593000FDC18 /* Main.storyboard in Resources */,
				358A64142716EACD00F22310 /* ProfileTVCell.xib in Resources */,
				35C5992C271814D3007A363C /* SubscriptionTVCell.xib in Resources */,
			);
			runOnlyForDeploymentPostprocessing = 0;
		};
/* End PBXResourcesBuildPhase section */

/* Begin PBXShellScriptBuildPhase section */
		01CAEFF87928E4429B8F4F1F /* [CP] Check Pods Manifest.lock */ = {
			isa = PBXShellScriptBuildPhase;
			buildActionMask = 2147483647;
			files = (
			);
			inputFileListPaths = (
			);
			inputPaths = (
				"${PODS_PODFILE_DIR_PATH}/Podfile.lock",
				"${PODS_ROOT}/Manifest.lock",
			);
			name = "[CP] Check Pods Manifest.lock";
			outputFileListPaths = (
			);
			outputPaths = (
				"$(DERIVED_FILE_DIR)/Pods-ICMA-checkManifestLockResult.txt",
			);
			runOnlyForDeploymentPostprocessing = 0;
			shellPath = /bin/sh;
			shellScript = "diff \"${PODS_PODFILE_DIR_PATH}/Podfile.lock\" \"${PODS_ROOT}/Manifest.lock\" > /dev/null\nif [ $? != 0 ] ; then\n    # print error to STDERR\n    echo \"error: The sandbox is not in sync with the Podfile.lock. Run 'pod install' or update your CocoaPods installation.\" >&2\n    exit 1\nfi\n# This output is used by Xcode 'outputs' to avoid re-running this script phase.\necho \"SUCCESS\" > \"${SCRIPT_OUTPUT_FILE_0}\"\n";
			showEnvVarsInLog = 0;
		};
		68BD3F586CAC218048219098 /* [CP] Embed Pods Frameworks */ = {
			isa = PBXShellScriptBuildPhase;
			buildActionMask = 2147483647;
			files = (
			);
			inputFileListPaths = (
				"${PODS_ROOT}/Target Support Files/Pods-ICMA/Pods-ICMA-frameworks-${CONFIGURATION}-input-files.xcfilelist",
			);
			name = "[CP] Embed Pods Frameworks";
			outputFileListPaths = (
				"${PODS_ROOT}/Target Support Files/Pods-ICMA/Pods-ICMA-frameworks-${CONFIGURATION}-output-files.xcfilelist",
			);
			runOnlyForDeploymentPostprocessing = 0;
			shellPath = /bin/sh;
			shellScript = "\"${PODS_ROOT}/Target Support Files/Pods-ICMA/Pods-ICMA-frameworks.sh\"\n";
			showEnvVarsInLog = 0;
		};
/* End PBXShellScriptBuildPhase section */

/* Begin PBXSourcesBuildPhase section */
		7C7ED8A8270C3593000FDC18 /* Sources */ = {
			isa = PBXSourcesBuildPhase;
			buildActionMask = 2147483647;
			files = (
				7C7ED9D1270DBD92000FDC18 /* DFHSTherapyVC.swift in Sources */,
				7C7ED913270C3B0E000FDC18 /* ICImageView.swift in Sources */,
				187DCD73270DD80F00579F16 /* HelperMethods.swift in Sources */,
				7CB8FD8527312335000AB379 /* ImagePickFromGallery.swift in Sources */,
				7C7ED919270C3B19000FDC18 /* ICTextField.swift in Sources */,
				7C76D8FB271EEA2700C574AF /* Demoable.swift in Sources */,
				187DCD55270DA5C800579F16 /* AppAlert.swift in Sources */,
				7CB3D968271D69D4000A4329 /* ProfileSubscriptionVC.swift in Sources */,
				358A64102716EA4800F22310 /* ProfileVC.swift in Sources */,
				7C7ED904270C3AD9000FDC18 /* ValidationManager.swift in Sources */,
				187DCD71270DD71800579F16 /* AFWrapperClass.swift in Sources */,
				7C7ED90A270C3B03000FDC18 /* ICButton.swift in Sources */,
				35BA587727144C4E00511D29 /* PrayVC.swift in Sources */,
				7C7ED8EC270C3A7B000FDC18 /* AppConstant.swift in Sources */,
				187DCD59270DA73F00579F16 /* LoadingIndicatorVC.swift in Sources */,
				7C327D0A270EFB2000614F50 /* NeedSleepVC.swift in Sources */,
				7CB3D965271D6748000A4329 /* DevotionalVC.swift in Sources */,
				7C7ED8F5270C3ABE000FDC18 /* LoadingManager.swift in Sources */,
				356664C527156DA50073A2C4 /* NotificationsTVCell.swift in Sources */,
				7C7ED901270C3AD3000FDC18 /* PreferenceManager.swift in Sources */,
				358A640C2716A4E800F22310 /* SearchVC.swift in Sources */,
				7C7ED910270C3B0A000FDC18 /* ICImagePickerVC.swift in Sources */,
				7C7ED8DA270C3A3E000FDC18 /* AppDefaults.swift in Sources */,
				187DCD5B270DA91700579F16 /* LoginSignUpEntity.swift in Sources */,
				7C7ED955270C80A2000FDC18 /* LogInVC.swift in Sources */,
				35C5992E27181BEA007A363C /* SubscriptionVC.swift in Sources */,
				356664C8271579830073A2C4 /* NotificationsVC.swift in Sources */,
				7C7ED8E9270C3A62000FDC18 /* LocalizableConstants.swift in Sources */,
				7C236953270DD39A001F4F13 /* BreathingTVCell.swift in Sources */,
				7C507DC02726B41F00B0C8EA /* Storyboard Class.swift in Sources */,
				7C7ED8B0270C3593000FDC18 /* AppDelegate.swift in Sources */,
				7CB3D962271D64F0000A4329 /* MembershipVC.swift in Sources */,
				7C7ED8E3270C3A56000FDC18 /* AppNavigations.swift in Sources */,
				7C8A87D9273BD7F300A4F610 /* SCDebouncer.swift in Sources */,
				35615BE027141B570055237D /* PrayerVC.swift in Sources */,
				7C7ED95B270C814A000FDC18 /* ForgotPasswordVC.swift in Sources */,
				7C7ED8FB270C3AC6000FDC18 /* DateTimeManager.swift in Sources */,
				7CB8FD8227311597000AB379 /* ChangePasswordVC.swift in Sources */,
				3571CDCA2715A25700B48705 /* AudioVC.swift in Sources */,
				7C7ED8E6270C3A5B000FDC18 /* BaseVC.swift in Sources */,
				7C76D859271ED7FF00C574AF /* ReferFriendVC.swift in Sources */,
				7CC101952739321500B667E7 /* ICMAAudioPlayer.swift in Sources */,
				7C7ED907270C3AFE000FDC18 /* ICAssistiveTouchView.swift in Sources */,
				7C7ED8DD270C3A47000FDC18 /* AppExtensions.swift in Sources */,
				35615BDD271410DF0055237D /* PrayerTVCell.swift in Sources */,
				7C7ED8FE270C3ACA000FDC18 /* NavigationManager.swift in Sources */,
				3571CDC8271595D000B48705 /* EditProfileVC.swift in Sources */,
				358A640E2716B7E600F22310 /* ContactVC.swift in Sources */,
				7C7ED91C270C3B1D000FDC18 /* ICTextView.swift in Sources */,
				187DCD57270DA6FC00579F16 /* Validation Managers.swift in Sources */,
				7C327D0D270F0C7E00614F50 /* ClassicsHymnsVC.swift in Sources */,
				7C507DE92729574A00B0C8EA /* Model.swift in Sources */,
				7C7ED9AD270D90DC000FDC18 /* DFTherapyTVCell.swift in Sources */,
				7C7ED9D4270DC4FE000FDC18 /* TabBarVC.swift in Sources */,
				7C7ED958270C80E2000FDC18 /* SignUpVC.swift in Sources */,
				35C5992B271814D3007A363C /* SubscriptionTVCell.swift in Sources */,
				7C7ED91F270C3B75000FDC18 /* ProfileViewForTitle.swift in Sources */,
				7C7ED8EF270C3A85000FDC18 /* RestManager.swift in Sources */,
				187DCD5D270DA91B00579F16 /* ForgotPasswordEntity.swift in Sources */,
				358A64132716EACD00F22310 /* ProfileTVCell.swift in Sources */,
				7C7ED916270C3B14000FDC18 /* ICLabel.swift in Sources */,
				7CC10199273932A100B667E7 /* Mains.swift in Sources */,
				7C7ED8E0270C3A4F000FDC18 /* AppFunctions.swift in Sources */,
				7C7ED90D270C3B06000FDC18 /* ICDebouncer.swift in Sources */,
				7C327D06270EC3D000614F50 /* BreathingExerciseVC.swift in Sources */,
				7C7ED8F2270C3A9F000FDC18 /* DisplayAlertManager.swift in Sources */,
				7C7ED8D7270C3A37000FDC18 /* AppConstants.swift in Sources */,
			);
			runOnlyForDeploymentPostprocessing = 0;
		};
/* End PBXSourcesBuildPhase section */

/* Begin PBXVariantGroup section */
		7C7ED8B5270C3593000FDC18 /* Main.storyboard */ = {
			isa = PBXVariantGroup;
			children = (
				7C7ED8B6270C3593000FDC18 /* Base */,
			);
			name = Main.storyboard;
			sourceTree = "<group>";
		};
		7C7ED8BA270C3596000FDC18 /* LaunchScreen.storyboard */ = {
			isa = PBXVariantGroup;
			children = (
				7C7ED8BB270C3596000FDC18 /* Base */,
			);
			name = LaunchScreen.storyboard;
			sourceTree = "<group>";
		};
/* End PBXVariantGroup section */

/* Begin XCBuildConfiguration section */
		7C7ED8BE270C3596000FDC18 /* Debug */ = {
			isa = XCBuildConfiguration;
			buildSettings = {
				ALWAYS_SEARCH_USER_PATHS = NO;
				CLANG_ANALYZER_NONNULL = YES;
				CLANG_ANALYZER_NUMBER_OBJECT_CONVERSION = YES_AGGRESSIVE;
				CLANG_CXX_LANGUAGE_STANDARD = "gnu++14";
				CLANG_CXX_LIBRARY = "libc++";
				CLANG_ENABLE_MODULES = YES;
				CLANG_ENABLE_OBJC_ARC = YES;
				CLANG_ENABLE_OBJC_WEAK = YES;
				CLANG_WARN_BLOCK_CAPTURE_AUTORELEASING = YES;
				CLANG_WARN_BOOL_CONVERSION = YES;
				CLANG_WARN_COMMA = YES;
				CLANG_WARN_CONSTANT_CONVERSION = YES;
				CLANG_WARN_DEPRECATED_OBJC_IMPLEMENTATIONS = YES;
				CLANG_WARN_DIRECT_OBJC_ISA_USAGE = YES_ERROR;
				CLANG_WARN_DOCUMENTATION_COMMENTS = YES;
				CLANG_WARN_EMPTY_BODY = YES;
				CLANG_WARN_ENUM_CONVERSION = YES;
				CLANG_WARN_INFINITE_RECURSION = YES;
				CLANG_WARN_INT_CONVERSION = YES;
				CLANG_WARN_NON_LITERAL_NULL_CONVERSION = YES;
				CLANG_WARN_OBJC_IMPLICIT_RETAIN_SELF = YES;
				CLANG_WARN_OBJC_LITERAL_CONVERSION = YES;
				CLANG_WARN_OBJC_ROOT_CLASS = YES_ERROR;
				CLANG_WARN_QUOTED_INCLUDE_IN_FRAMEWORK_HEADER = YES;
				CLANG_WARN_RANGE_LOOP_ANALYSIS = YES;
				CLANG_WARN_STRICT_PROTOTYPES = YES;
				CLANG_WARN_SUSPICIOUS_MOVE = YES;
				CLANG_WARN_UNGUARDED_AVAILABILITY = YES_AGGRESSIVE;
				CLANG_WARN_UNREACHABLE_CODE = YES;
				CLANG_WARN__DUPLICATE_METHOD_MATCH = YES;
				COPY_PHASE_STRIP = NO;
				DEBUG_INFORMATION_FORMAT = dwarf;
				ENABLE_STRICT_OBJC_MSGSEND = YES;
				ENABLE_TESTABILITY = YES;
				GCC_C_LANGUAGE_STANDARD = gnu11;
				GCC_DYNAMIC_NO_PIC = NO;
				GCC_NO_COMMON_BLOCKS = YES;
				GCC_OPTIMIZATION_LEVEL = 0;
				GCC_PREPROCESSOR_DEFINITIONS = (
					"DEBUG=1",
					"$(inherited)",
				);
				GCC_WARN_64_TO_32_BIT_CONVERSION = YES;
				GCC_WARN_ABOUT_RETURN_TYPE = YES_ERROR;
				GCC_WARN_UNDECLARED_SELECTOR = YES;
				GCC_WARN_UNINITIALIZED_AUTOS = YES_AGGRESSIVE;
				GCC_WARN_UNUSED_FUNCTION = YES;
				GCC_WARN_UNUSED_VARIABLE = YES;
				IPHONEOS_DEPLOYMENT_TARGET = 14.4;
				MTL_ENABLE_DEBUG_INFO = INCLUDE_SOURCE;
				MTL_FAST_MATH = YES;
				ONLY_ACTIVE_ARCH = YES;
				SDKROOT = iphoneos;
				SWIFT_ACTIVE_COMPILATION_CONDITIONS = DEBUG;
				SWIFT_OPTIMIZATION_LEVEL = "-Onone";
			};
			name = Debug;
		};
		7C7ED8BF270C3596000FDC18 /* Release */ = {
			isa = XCBuildConfiguration;
			buildSettings = {
				ALWAYS_SEARCH_USER_PATHS = NO;
				CLANG_ANALYZER_NONNULL = YES;
				CLANG_ANALYZER_NUMBER_OBJECT_CONVERSION = YES_AGGRESSIVE;
				CLANG_CXX_LANGUAGE_STANDARD = "gnu++14";
				CLANG_CXX_LIBRARY = "libc++";
				CLANG_ENABLE_MODULES = YES;
				CLANG_ENABLE_OBJC_ARC = YES;
				CLANG_ENABLE_OBJC_WEAK = YES;
				CLANG_WARN_BLOCK_CAPTURE_AUTORELEASING = YES;
				CLANG_WARN_BOOL_CONVERSION = YES;
				CLANG_WARN_COMMA = YES;
				CLANG_WARN_CONSTANT_CONVERSION = YES;
				CLANG_WARN_DEPRECATED_OBJC_IMPLEMENTATIONS = YES;
				CLANG_WARN_DIRECT_OBJC_ISA_USAGE = YES_ERROR;
				CLANG_WARN_DOCUMENTATION_COMMENTS = YES;
				CLANG_WARN_EMPTY_BODY = YES;
				CLANG_WARN_ENUM_CONVERSION = YES;
				CLANG_WARN_INFINITE_RECURSION = YES;
				CLANG_WARN_INT_CONVERSION = YES;
				CLANG_WARN_NON_LITERAL_NULL_CONVERSION = YES;
				CLANG_WARN_OBJC_IMPLICIT_RETAIN_SELF = YES;
				CLANG_WARN_OBJC_LITERAL_CONVERSION = YES;
				CLANG_WARN_OBJC_ROOT_CLASS = YES_ERROR;
				CLANG_WARN_QUOTED_INCLUDE_IN_FRAMEWORK_HEADER = YES;
				CLANG_WARN_RANGE_LOOP_ANALYSIS = YES;
				CLANG_WARN_STRICT_PROTOTYPES = YES;
				CLANG_WARN_SUSPICIOUS_MOVE = YES;
				CLANG_WARN_UNGUARDED_AVAILABILITY = YES_AGGRESSIVE;
				CLANG_WARN_UNREACHABLE_CODE = YES;
				CLANG_WARN__DUPLICATE_METHOD_MATCH = YES;
				COPY_PHASE_STRIP = NO;
				DEBUG_INFORMATION_FORMAT = "dwarf-with-dsym";
				ENABLE_NS_ASSERTIONS = NO;
				ENABLE_STRICT_OBJC_MSGSEND = YES;
				GCC_C_LANGUAGE_STANDARD = gnu11;
				GCC_NO_COMMON_BLOCKS = YES;
				GCC_WARN_64_TO_32_BIT_CONVERSION = YES;
				GCC_WARN_ABOUT_RETURN_TYPE = YES_ERROR;
				GCC_WARN_UNDECLARED_SELECTOR = YES;
				GCC_WARN_UNINITIALIZED_AUTOS = YES_AGGRESSIVE;
				GCC_WARN_UNUSED_FUNCTION = YES;
				GCC_WARN_UNUSED_VARIABLE = YES;
				IPHONEOS_DEPLOYMENT_TARGET = 14.4;
				MTL_ENABLE_DEBUG_INFO = NO;
				MTL_FAST_MATH = YES;
				SDKROOT = iphoneos;
				SWIFT_COMPILATION_MODE = wholemodule;
				SWIFT_OPTIMIZATION_LEVEL = "-O";
				VALIDATE_PRODUCT = YES;
			};
			name = Release;
		};
		7C7ED8C1270C3596000FDC18 /* Debug */ = {
			isa = XCBuildConfiguration;
			baseConfigurationReference = 688DD54748BBE4614C7A0DFD /* Pods-ICMA.debug.xcconfig */;
			buildSettings = {
				ASSETCATALOG_COMPILER_APPICON_NAME = AppIcon;
				ASSETCATALOG_COMPILER_GLOBAL_ACCENT_COLOR_NAME = AccentColor;
				CODE_SIGN_ENTITLEMENTS = ICMA/ICMA.entitlements;
				CODE_SIGN_IDENTITY = "iPhone Developer";
				CODE_SIGN_STYLE = Manual;
				CURRENT_PROJECT_VERSION = 1.12;
				DEVELOPMENT_TEAM = 929X3K498V;
				INFOPLIST_FILE = ICMA/Info.plist;
				IPHONEOS_DEPLOYMENT_TARGET = 13.0;
				LD_RUNPATH_SEARCH_PATHS = (
					"$(inherited)",
					"@executable_path/Frameworks",
				);
				PRODUCT_BUNDLE_IDENTIFIER = com.icma.app;
				PRODUCT_NAME = "$(TARGET_NAME)";
				PROVISIONING_PROFILE_SPECIFIER = icma_19_oct_2021_dev;
				SWIFT_VERSION = 5.0;
				TARGETED_DEVICE_FAMILY = 1;
			};
			name = Debug;
		};
		7C7ED8C2270C3596000FDC18 /* Release */ = {
			isa = XCBuildConfiguration;
			baseConfigurationReference = 3211F143FD8C64391037C19B /* Pods-ICMA.release.xcconfig */;
			buildSettings = {
				ASSETCATALOG_COMPILER_APPICON_NAME = AppIcon;
				ASSETCATALOG_COMPILER_GLOBAL_ACCENT_COLOR_NAME = AccentColor;
				CODE_SIGN_ENTITLEMENTS = ICMA/ICMA.entitlements;
				CODE_SIGN_IDENTITY = "iPhone Developer";
				CODE_SIGN_STYLE = Manual;
				CURRENT_PROJECT_VERSION = 1.12;
				DEVELOPMENT_TEAM = 929X3K498V;
				INFOPLIST_FILE = ICMA/Info.plist;
				IPHONEOS_DEPLOYMENT_TARGET = 13.0;
				LD_RUNPATH_SEARCH_PATHS = (
					"$(inherited)",
					"@executable_path/Frameworks",
				);
				PRODUCT_BUNDLE_IDENTIFIER = com.icma.app;
				PRODUCT_NAME = "$(TARGET_NAME)";
				PROVISIONING_PROFILE_SPECIFIER = icma_19_oct_2021_dev;
				SWIFT_VERSION = 5.0;
				TARGETED_DEVICE_FAMILY = 1;
			};
			name = Release;
		};
/* End XCBuildConfiguration section */

/* Begin XCConfigurationList section */
		7C7ED8A7270C3593000FDC18 /* Build configuration list for PBXProject "ICMA" */ = {
			isa = XCConfigurationList;
			buildConfigurations = (
				7C7ED8BE270C3596000FDC18 /* Debug */,
				7C7ED8BF270C3596000FDC18 /* Release */,
			);
			defaultConfigurationIsVisible = 0;
			defaultConfigurationName = Release;
		};
		7C7ED8C0270C3596000FDC18 /* Build configuration list for PBXNativeTarget "ICMA" */ = {
			isa = XCConfigurationList;
			buildConfigurations = (
				7C7ED8C1270C3596000FDC18 /* Debug */,
				7C7ED8C2270C3596000FDC18 /* Release */,
			);
			defaultConfigurationIsVisible = 0;
			defaultConfigurationName = Release;
		};
/* End XCConfigurationList section */
	};
	rootObject = 7C7ED8A4270C3593000FDC18 /* Project object */;
}
